
Microsoft Visual Studio Solution File, Format Version 12.00
# Visual Studio 2013
VisualStudioVersion = 12.0.30501.0
MinimumVisualStudioVersion = 10.0.40219.1
Project("{FAE04EC0-301F-11D3-BF4B-00C04F79EFBC}") = "BookmarksManager", "BookmarksManager.csproj", "{91A7837E-81CA-470A-BB73-0126E110818B}"
EndProject
Project("{FAE04EC0-301F-11D3-BF4B-00C04F79EFBC}") = "BookmarksManagerTests", "..\BookmarksManagerTests\BookmarksManagerTests.csproj", "{4410033C-D57D-477D-A2EC-81E45AA8F941}"
EndProject
Project("{FAE04EC0-301F-11D3-BF4B-00C04F79EFBC}") = "BookmarksManager.Firefox", "..\BookmarksManager.Firefox\BookmarksManager.Firefox.csproj", "{DFE91BF7-D224-4AB8-A6C4-DD93073D530A}"
EndProject
Global
	GlobalSection(SolutionConfigurationPlatforms) = preSolution
		Debug|Any CPU = Debug|Any CPU
		Release|Any CPU = Release|Any CPU
	EndGlobalSection
	GlobalSection(ProjectConfigurationPlatforms) = postSolution
		{91A7837E-81CA-470A-BB73-0126E110818B}.Debug|Any CPU.ActiveCfg = Debug|Any CPU
		{91A7837E-81CA-470A-BB73-0126E110818B}.Debug|Any CPU.Build.0 = Debug|Any CPU
		{91A7837E-81CA-470A-BB73-0126E110818B}.Release|Any CPU.ActiveCfg = Release|Any CPU
		{91A7837E-81CA-470A-BB73-0126E110818B}.Release|Any CPU.Build.0 = Release|Any CPU
		{4410033C-D57D-477D-A2EC-81E45AA8F941}.Debug|Any CPU.ActiveCfg = Debug|Any CPU
		{4410033C-D57D-477D-A2EC-81E45AA8F941}.Debug|Any CPU.Build.0 = Debug|Any CPU
		{4410033C-D57D-477D-A2EC-81E45AA8F941}.Release|Any CPU.ActiveCfg = Release|Any CPU
		{4410033C-D57D-477D-A2EC-81E45AA8F941}.Release|Any CPU.Build.0 = Release|Any CPU
		{DFE91BF7-D224-4AB8-A6C4-DD93073D530A}.Debug|Any CPU.ActiveCfg = Debug|Any CPU
		{DFE91BF7-D224-4AB8-A6C4-DD93073D530A}.Debug|Any CPU.Build.0 = Debug|Any CPU
		{DFE91BF7-D224-4AB8-A6C4-DD93073D530A}.Release|Any CPU.ActiveCfg = Release|Any CPU
		{DFE91BF7-D224-4AB8-A6C4-DD93073D530A}.Release|Any CPU.Build.0 = Release|Any CPU
	EndGlobalSection
	GlobalSection(SolutionProperties) = preSolution
		HideSolutionNode = FALSE
	EndGlobalSection
EndGlobal
